
Microsoft Visual Studio Solution File, Format Version 11.00
# Visual Studio 2010
Project("{F184B08F-C81C-45F6-A57F-5ABD9991F28F}") = "ConsoleApplication12", "ConsoleApplication12\ConsoleApplication12.vbproj", "{95D1FFBD-B044-469C-9C71-C69C175DD32D}"
EndProject
Global
	GlobalSection(SolutionConfigurationPlatforms) = preSolution
		Debug|x86 = Debug|x86
		Release|x86 = Release|x86
	EndGlobalSection
	GlobalSection(ProjectConfigurationPlatforms) = postSolution
		{95D1FFBD-B044-469C-9C71-C69C175DD32D}.Debug|x86.ActiveCfg = Debug|x86
		{95D1FFBD-B044-469C-9C71-C69C175DD32D}.Debug|x86.Build.0 = Debug|x86
		{95D1FFBD-B044-469C-9C71-C69C175DD32D}.Release|x86.ActiveCfg = Release|x86
		{95D1FFBD-B044-469C-9C71-C69C175DD32D}.Release|x86.Build.0 = Release|x86
	EndGlobalSection
	GlobalSection(SolutionProperties) = preSolution
		HideSolutionNode = FALSE
	EndGlobalSection
EndGlobal
